
Microsoft Visual Studio Solution File, Format Version 10.00
# Visual C++ Express 2008
Project("{8BC9CEB8-8B4A-11D0-8D11-00A0C91BC942}") = "Demo_RunWaves", "Demo_RunWaves\Demo_RunWaves.vcproj", "{37BA3E02-999F-446C-962B-B4EF29A2F8EB}"
EndProject
Project("{8BC9CEB8-8B4A-11D0-8D11-00A0C91BC942}") = "Demo_AWG", "Demo_AWG\Demo_AWG.vcproj", "{F7FA0BA9-EA9A-4B17-810E-A8F2905B312D}"
EndProject
Project("{8BC9CEB8-8B4A-11D0-8D11-00A0C91BC942}") = "Demo_AMmodulation", "Demo_AMmodulation\Demo_AMmodulation.vcproj", "{7437DC70-0392-497F-A9C8-3BCDBB9F0735}"
EndProject
Project("{8BC9CEB8-8B4A-11D0-8D11-00A0C91BC942}") = "Demo_AWG_WithTrigger", "Demo_AWG_WithTrigger\Demo_AWG_WithTrigger.vcproj", "{5A56841C-9555-4F91-A4DB-9D832940E798}"
EndProject
Project("{8BC9CEB8-8B4A-11D0-8D11-00A0C91BC942}") = "Demo_AWGcontinuous", "Demo_AWGcontinuous\Demo_AWGcontinuous.vcproj", "{DA5744F2-9C1C-41DC-8BD1-FC1B94F84F4C}"
EndProject
Project("{8BC9CEB8-8B4A-11D0-8D11-00A0C91BC942}") = "Demo_FrequencyModulation", "Demo_FrequencyModulation\Demo_FrequencyModulation.vcproj", "{BC100801-D11B-4739-B89B-FE12DAD26504}"
EndProject
Project("{8BC9CEB8-8B4A-11D0-8D11-00A0C91BC942}") = "Demo_ResetPhase", "Demo_ResetPhase\Demo_ResetPhase.vcproj", "{49475A46-E7EC-4539-AF3E-E2DD31235A32}"
EndProject
Project("{8BC9CEB8-8B4A-11D0-8D11-00A0C91BC942}") = "Demo_AWG_MultipleWaveforms", "Demo_AWG_MultipleWaveforms\Demo_AWG_MultipleWaveforms.vcproj", "{FE813EEA-5453-4418-84A6-0F3ABA822530}"
EndProject
Project("{8BC9CEB8-8B4A-11D0-8D11-00A0C91BC942}") = "Demo_TriggerOut", "Demo_TriggerOut\Demo_TriggerOut.vcproj", "{546A0254-8097-482A-B144-56FBA025701E}"
EndProject
Global
	GlobalSection(SolutionConfigurationPlatforms) = preSolution
		Debug|Win32 = Debug|Win32
		Release|Win32 = Release|Win32
	EndGlobalSection
	GlobalSection(ProjectConfigurationPlatforms) = postSolution
		{37BA3E02-999F-446C-962B-B4EF29A2F8EB}.Debug|Win32.ActiveCfg = Debug|Win32
		{37BA3E02-999F-446C-962B-B4EF29A2F8EB}.Debug|Win32.Build.0 = Debug|Win32
		{37BA3E02-999F-446C-962B-B4EF29A2F8EB}.Release|Win32.ActiveCfg = Release|Win32
		{37BA3E02-999F-446C-962B-B4EF29A2F8EB}.Release|Win32.Build.0 = Release|Win32
		{F7FA0BA9-EA9A-4B17-810E-A8F2905B312D}.Debug|Win32.ActiveCfg = Debug|Win32
		{F7FA0BA9-EA9A-4B17-810E-A8F2905B312D}.Debug|Win32.Build.0 = Debug|Win32
		{F7FA0BA9-EA9A-4B17-810E-A8F2905B312D}.Release|Win32.ActiveCfg = Release|Win32
		{F7FA0BA9-EA9A-4B17-810E-A8F2905B312D}.Release|Win32.Build.0 = Release|Win32
		{7437DC70-0392-497F-A9C8-3BCDBB9F0735}.Debug|Win32.ActiveCfg = Debug|Win32
		{7437DC70-0392-497F-A9C8-3BCDBB9F0735}.Debug|Win32.Build.0 = Debug|Win32
		{7437DC70-0392-497F-A9C8-3BCDBB9F0735}.Release|Win32.ActiveCfg = Release|Win32
		{7437DC70-0392-497F-A9C8-3BCDBB9F0735}.Release|Win32.Build.0 = Release|Win32
		{5A56841C-9555-4F91-A4DB-9D832940E798}.Debug|Win32.ActiveCfg = Debug|Win32
		{5A56841C-9555-4F91-A4DB-9D832940E798}.Debug|Win32.Build.0 = Debug|Win32
		{5A56841C-9555-4F91-A4DB-9D832940E798}.Release|Win32.ActiveCfg = Release|Win32
		{5A56841C-9555-4F91-A4DB-9D832940E798}.Release|Win32.Build.0 = Release|Win32
		{DA5744F2-9C1C-41DC-8BD1-FC1B94F84F4C}.Debug|Win32.ActiveCfg = Debug|Win32
		{DA5744F2-9C1C-41DC-8BD1-FC1B94F84F4C}.Debug|Win32.Build.0 = Debug|Win32
		{DA5744F2-9C1C-41DC-8BD1-FC1B94F84F4C}.Release|Win32.ActiveCfg = Release|Win32
		{DA5744F2-9C1C-41DC-8BD1-FC1B94F84F4C}.Release|Win32.Build.0 = Release|Win32
		{BC100801-D11B-4739-B89B-FE12DAD26504}.Debug|Win32.ActiveCfg = Debug|Win32
		{BC100801-D11B-4739-B89B-FE12DAD26504}.Debug|Win32.Build.0 = Debug|Win32
		{BC100801-D11B-4739-B89B-FE12DAD26504}.Release|Win32.ActiveCfg = Release|Win32
		{BC100801-D11B-4739-B89B-FE12DAD26504}.Release|Win32.Build.0 = Release|Win32
		{49475A46-E7EC-4539-AF3E-E2DD31235A32}.Debug|Win32.ActiveCfg = Debug|Win32
		{49475A46-E7EC-4539-AF3E-E2DD31235A32}.Debug|Win32.Build.0 = Debug|Win32
		{49475A46-E7EC-4539-AF3E-E2DD31235A32}.Release|Win32.ActiveCfg = Release|Win32
		{49475A46-E7EC-4539-AF3E-E2DD31235A32}.Release|Win32.Build.0 = Release|Win32
		{FE813EEA-5453-4418-84A6-0F3ABA822530}.Debug|Win32.ActiveCfg = Debug|Win32
		{FE813EEA-5453-4418-84A6-0F3ABA822530}.Debug|Win32.Build.0 = Debug|Win32
		{FE813EEA-5453-4418-84A6-0F3ABA822530}.Release|Win32.ActiveCfg = Release|Win32
		{FE813EEA-5453-4418-84A6-0F3ABA822530}.Release|Win32.Build.0 = Release|Win32
		{546A0254-8097-482A-B144-56FBA025701E}.Debug|Win32.ActiveCfg = Debug|Win32
		{546A0254-8097-482A-B144-56FBA025701E}.Debug|Win32.Build.0 = Debug|Win32
		{546A0254-8097-482A-B144-56FBA025701E}.Release|Win32.ActiveCfg = Release|Win32
		{546A0254-8097-482A-B144-56FBA025701E}.Release|Win32.Build.0 = Release|Win32
	EndGlobalSection
	GlobalSection(SolutionProperties) = preSolution
		HideSolutionNode = FALSE
	EndGlobalSection
EndGlobal
