
Microsoft Visual Studio Solution File, Format Version 10.00
# Visual C++ Express 2008
Project("{8BC9CEB8-8B4A-11D0-8D11-00A0C91BC942}") = "AWGtestCPPv2008", "AWGtestCPPv2008\AWGtestCPPv2008.vcproj", "{DD9AC724-F7AD-4ECB-92A0-FEEE758F2D69}"
EndProject
Global
	GlobalSection(SolutionConfigurationPlatforms) = preSolution
		Debug|Win32 = Debug|Win32
		Release|Win32 = Release|Win32
	EndGlobalSection
	GlobalSection(ProjectConfigurationPlatforms) = postSolution
		{DD9AC724-F7AD-4ECB-92A0-FEEE758F2D69}.Debug|Win32.ActiveCfg = Debug|Win32
		{DD9AC724-F7AD-4ECB-92A0-FEEE758F2D69}.Debug|Win32.Build.0 = Debug|Win32
		{DD9AC724-F7AD-4ECB-92A0-FEEE758F2D69}.Release|Win32.ActiveCfg = Release|Win32
		{DD9AC724-F7AD-4ECB-92A0-FEEE758F2D69}.Release|Win32.Build.0 = Release|Win32
	EndGlobalSection
	GlobalSection(SolutionProperties) = preSolution
		HideSolutionNode = FALSE
	EndGlobalSection
EndGlobal
