
Microsoft Visual Studio Solution File, Format Version 10.00
# Visual C# Express 2008
Project("{FAE04EC0-301F-11D3-BF4B-00C04F79EFBC}") = "DemoLauncherTDC", "DemoLauncherTDC\DemoLauncherTDC.csproj", "{6846B47E-9586-4414-A30E-1578B3701B96}"
EndProject
Global
	GlobalSection(SolutionConfigurationPlatforms) = preSolution
		Debug|Any CPU = Debug|Any CPU
		Release|Any CPU = Release|Any CPU
	EndGlobalSection
	GlobalSection(ProjectConfigurationPlatforms) = postSolution
		{6846B47E-9586-4414-A30E-1578B3701B96}.Debug|Any CPU.ActiveCfg = Debug|Any CPU
		{6846B47E-9586-4414-A30E-1578B3701B96}.Debug|Any CPU.Build.0 = Debug|Any CPU
		{6846B47E-9586-4414-A30E-1578B3701B96}.Release|Any CPU.ActiveCfg = Release|Any CPU
		{6846B47E-9586-4414-A30E-1578B3701B96}.Release|Any CPU.Build.0 = Release|Any CPU
	EndGlobalSection
	GlobalSection(SolutionProperties) = preSolution
		HideSolutionNode = FALSE
	EndGlobalSection
EndGlobal
