
Microsoft Visual Studio Solution File, Format Version 10.00
# Visual C++ Express 2008
Project("{8BC9CEB8-8B4A-11D0-8D11-00A0C91BC942}") = "Demo_DWG_StrobeOut_WithTrigger", "Demo_DWG_StrobeOut_WithTrigger\Demo_DWG_StrobeOut_WithTrigger.vcproj", "{3A98D74F-D3FB-411A-8396-5A0E5A71B7D9}"
EndProject
Project("{8BC9CEB8-8B4A-11D0-8D11-00A0C91BC942}") = "Demo_DAQwithoutBuffers", "Demo_DAQwithoutBuffers\Demo_DAQwithoutBuffers.vcproj", "{29B00298-6CDA-46A5-AE52-B34895551A14}"
EndProject
Project("{8BC9CEB8-8B4A-11D0-8D11-00A0C91BC942}") = "Demo_DAQwithBuffers", "Demo_DAQwithBuffers\Demo_DAQwithBuffers.vcproj", "{BD87672A-BD69-4BD3-9007-5249499BA789}"
EndProject
Project("{8BC9CEB8-8B4A-11D0-8D11-00A0C91BC942}") = "Demo_DAQwithCallback", "Demo_DAQwithCallback\Demo_DAQwithCallback.vcproj", "{90DBB5A1-B85E-4934-BCEC-D9A64D772BBC}"
EndProject
Project("{8BC9CEB8-8B4A-11D0-8D11-00A0C91BC942}") = "Demo_Buses", "Demo_Buses\Demo_Buses.vcproj", "{78D5D758-04F6-4134-8535-9084727A24F5}"
EndProject
Project("{8BC9CEB8-8B4A-11D0-8D11-00A0C91BC942}") = "Demo_DWG_formArray", "Demo_DWG_formArray\Demo_DWG_formArray.vcproj", "{3D3322D1-87FD-4A36-AFB3-7E955A6183D9}"
EndProject
Project("{8BC9CEB8-8B4A-11D0-8D11-00A0C91BC942}") = "Demo_DWG", "Demo_DWG\Demo_DWG.vcproj", "{E1451A24-0996-4116-A44E-7855E8CE4425}"
EndProject
Global
	GlobalSection(SolutionConfigurationPlatforms) = preSolution
		Debug|Win32 = Debug|Win32
		Release|Win32 = Release|Win32
	EndGlobalSection
	GlobalSection(ProjectConfigurationPlatforms) = postSolution
		{3A98D74F-D3FB-411A-8396-5A0E5A71B7D9}.Debug|Win32.ActiveCfg = Debug|Win32
		{3A98D74F-D3FB-411A-8396-5A0E5A71B7D9}.Debug|Win32.Build.0 = Debug|Win32
		{3A98D74F-D3FB-411A-8396-5A0E5A71B7D9}.Release|Win32.ActiveCfg = Release|Win32
		{3A98D74F-D3FB-411A-8396-5A0E5A71B7D9}.Release|Win32.Build.0 = Release|Win32
		{29B00298-6CDA-46A5-AE52-B34895551A14}.Debug|Win32.ActiveCfg = Debug|Win32
		{29B00298-6CDA-46A5-AE52-B34895551A14}.Debug|Win32.Build.0 = Debug|Win32
		{29B00298-6CDA-46A5-AE52-B34895551A14}.Release|Win32.ActiveCfg = Release|Win32
		{29B00298-6CDA-46A5-AE52-B34895551A14}.Release|Win32.Build.0 = Release|Win32
		{BD87672A-BD69-4BD3-9007-5249499BA789}.Debug|Win32.ActiveCfg = Debug|Win32
		{BD87672A-BD69-4BD3-9007-5249499BA789}.Debug|Win32.Build.0 = Debug|Win32
		{BD87672A-BD69-4BD3-9007-5249499BA789}.Release|Win32.ActiveCfg = Release|Win32
		{BD87672A-BD69-4BD3-9007-5249499BA789}.Release|Win32.Build.0 = Release|Win32
		{90DBB5A1-B85E-4934-BCEC-D9A64D772BBC}.Debug|Win32.ActiveCfg = Debug|Win32
		{90DBB5A1-B85E-4934-BCEC-D9A64D772BBC}.Debug|Win32.Build.0 = Debug|Win32
		{90DBB5A1-B85E-4934-BCEC-D9A64D772BBC}.Release|Win32.ActiveCfg = Release|Win32
		{90DBB5A1-B85E-4934-BCEC-D9A64D772BBC}.Release|Win32.Build.0 = Release|Win32
		{78D5D758-04F6-4134-8535-9084727A24F5}.Debug|Win32.ActiveCfg = Debug|Win32
		{78D5D758-04F6-4134-8535-9084727A24F5}.Debug|Win32.Build.0 = Debug|Win32
		{78D5D758-04F6-4134-8535-9084727A24F5}.Release|Win32.ActiveCfg = Release|Win32
		{78D5D758-04F6-4134-8535-9084727A24F5}.Release|Win32.Build.0 = Release|Win32
		{3D3322D1-87FD-4A36-AFB3-7E955A6183D9}.Debug|Win32.ActiveCfg = Debug|Win32
		{3D3322D1-87FD-4A36-AFB3-7E955A6183D9}.Debug|Win32.Build.0 = Debug|Win32
		{3D3322D1-87FD-4A36-AFB3-7E955A6183D9}.Release|Win32.ActiveCfg = Release|Win32
		{3D3322D1-87FD-4A36-AFB3-7E955A6183D9}.Release|Win32.Build.0 = Release|Win32
		{E1451A24-0996-4116-A44E-7855E8CE4425}.Debug|Win32.ActiveCfg = Debug|Win32
		{E1451A24-0996-4116-A44E-7855E8CE4425}.Debug|Win32.Build.0 = Debug|Win32
		{E1451A24-0996-4116-A44E-7855E8CE4425}.Release|Win32.ActiveCfg = Release|Win32
		{E1451A24-0996-4116-A44E-7855E8CE4425}.Release|Win32.Build.0 = Release|Win32
	EndGlobalSection
	GlobalSection(SolutionProperties) = preSolution
		HideSolutionNode = FALSE
	EndGlobalSection
EndGlobal
